
Microsoft Visual Studio Solution File, Format Version 12.00
Project("{FAE04EC0-301F-11D3-BF4B-00C04F79EFBC}") = "Task_2235", "Task_2235\Task_2235.csproj", "{9D5828DF-04E5-469A-8CC6-FB50E738ED24}"
EndProject
Project("{FAE04EC0-301F-11D3-BF4B-00C04F79EFBC}") = "Task_2236", "Task_2236\Task_2236.csproj", "{3FFCA4E6-2965-4F3B-80A6-68865C774EFE}"
EndProject
Project("{FAE04EC0-301F-11D3-BF4B-00C04F79EFBC}") = "Task_226", "Task_226\Task_226.csproj", "{20EB2586-4A38-4F69-B759-495C2C3AE667}"
EndProject
Project("{FAE04EC0-301F-11D3-BF4B-00C04F79EFBC}") = "Task_1480", "Task_1480\Task_1480.csproj", "{A1048158-EBCC-4218-B6B3-F2BD15466633}"
EndProject
Project("{FAE04EC0-301F-11D3-BF4B-00C04F79EFBC}") = "Task_1672", "Task_1672\Task_1672.csproj", "{8F180E07-550E-4B64-8554-FC01D6A0D7AB}"
EndProject
Project("{FAE04EC0-301F-11D3-BF4B-00C04F79EFBC}") = "Task_412", "Task_412\Task_412.csproj", "{677F15F2-BF33-4E2E-94E3-A16BD05F0994}"
EndProject
Project("{FAE04EC0-301F-11D3-BF4B-00C04F79EFBC}") = "Task_1342", "Task_1342\Task_1342.csproj", "{91FBBE52-CB91-4295-BE3C-513B89B76E1C}"
EndProject
Project("{FAE04EC0-301F-11D3-BF4B-00C04F79EFBC}") = "Task_876", "Task_876\Task_876.csproj", "{F7350753-68DC-4531-9DA7-FC205AE85A5F}"
EndProject
Project("{FAE04EC0-301F-11D3-BF4B-00C04F79EFBC}") = "Task_383", "Task_383\Task_383.csproj", "{9A3550CC-0BA8-4EC9-9804-9085BBDCC6D6}"
EndProject
Project("{FAE04EC0-301F-11D3-BF4B-00C04F79EFBC}") = "Task_175", "Task_175\Task_175.csproj", "{B4338139-8BD6-4E0D-A6CF-6A8A62A4DA54}"
EndProject
Project("{FAE04EC0-301F-11D3-BF4B-00C04F79EFBC}") = "Task_1757", "Task_1757\Task_1757.csproj", "{B4E648DA-3A0C-4D6C-9BBF-7C51B0C4E1B3}"
EndProject
Project("{FAE04EC0-301F-11D3-BF4B-00C04F79EFBC}") = "Task_584", "Task_584\Task_584.csproj", "{916B5723-58E2-4B9B-9D80-19A5FC9888EB}"
EndProject
Project("{FAE04EC0-301F-11D3-BF4B-00C04F79EFBC}") = "Task_595", "Task_595\Task_595.csproj", "{5FE3018B-6350-4D36-ADDE-C4DD82E77F33}"
EndProject
Project("{FAE04EC0-301F-11D3-BF4B-00C04F79EFBC}") = "Task_1148", "Task_1148\Task_1148.csproj", "{AA1E7106-7FD7-4659-B438-835604FBB4C0}"
EndProject
Project("{FAE04EC0-301F-11D3-BF4B-00C04F79EFBC}") = "Task_1683", "Task_1683\Task_1683.csproj", "{B87D5A45-3426-4471-A36B-816D773B2478}"
EndProject
Global
	GlobalSection(SolutionConfigurationPlatforms) = preSolution
		Debug|Any CPU = Debug|Any CPU
		Release|Any CPU = Release|Any CPU
	EndGlobalSection
	GlobalSection(ProjectConfigurationPlatforms) = postSolution
		{9D5828DF-04E5-469A-8CC6-FB50E738ED24}.Debug|Any CPU.ActiveCfg = Debug|Any CPU
		{9D5828DF-04E5-469A-8CC6-FB50E738ED24}.Debug|Any CPU.Build.0 = Debug|Any CPU
		{9D5828DF-04E5-469A-8CC6-FB50E738ED24}.Release|Any CPU.ActiveCfg = Release|Any CPU
		{9D5828DF-04E5-469A-8CC6-FB50E738ED24}.Release|Any CPU.Build.0 = Release|Any CPU
		{3FFCA4E6-2965-4F3B-80A6-68865C774EFE}.Debug|Any CPU.ActiveCfg = Debug|Any CPU
		{3FFCA4E6-2965-4F3B-80A6-68865C774EFE}.Debug|Any CPU.Build.0 = Debug|Any CPU
		{3FFCA4E6-2965-4F3B-80A6-68865C774EFE}.Release|Any CPU.ActiveCfg = Release|Any CPU
		{3FFCA4E6-2965-4F3B-80A6-68865C774EFE}.Release|Any CPU.Build.0 = Release|Any CPU
		{20EB2586-4A38-4F69-B759-495C2C3AE667}.Debug|Any CPU.ActiveCfg = Debug|Any CPU
		{20EB2586-4A38-4F69-B759-495C2C3AE667}.Debug|Any CPU.Build.0 = Debug|Any CPU
		{20EB2586-4A38-4F69-B759-495C2C3AE667}.Release|Any CPU.ActiveCfg = Release|Any CPU
		{20EB2586-4A38-4F69-B759-495C2C3AE667}.Release|Any CPU.Build.0 = Release|Any CPU
		{A1048158-EBCC-4218-B6B3-F2BD15466633}.Debug|Any CPU.ActiveCfg = Debug|Any CPU
		{A1048158-EBCC-4218-B6B3-F2BD15466633}.Debug|Any CPU.Build.0 = Debug|Any CPU
		{A1048158-EBCC-4218-B6B3-F2BD15466633}.Release|Any CPU.ActiveCfg = Release|Any CPU
		{A1048158-EBCC-4218-B6B3-F2BD15466633}.Release|Any CPU.Build.0 = Release|Any CPU
		{8F180E07-550E-4B64-8554-FC01D6A0D7AB}.Debug|Any CPU.ActiveCfg = Debug|Any CPU
		{8F180E07-550E-4B64-8554-FC01D6A0D7AB}.Debug|Any CPU.Build.0 = Debug|Any CPU
		{8F180E07-550E-4B64-8554-FC01D6A0D7AB}.Release|Any CPU.ActiveCfg = Release|Any CPU
		{8F180E07-550E-4B64-8554-FC01D6A0D7AB}.Release|Any CPU.Build.0 = Release|Any CPU
		{677F15F2-BF33-4E2E-94E3-A16BD05F0994}.Debug|Any CPU.ActiveCfg = Debug|Any CPU
		{677F15F2-BF33-4E2E-94E3-A16BD05F0994}.Debug|Any CPU.Build.0 = Debug|Any CPU
		{677F15F2-BF33-4E2E-94E3-A16BD05F0994}.Release|Any CPU.ActiveCfg = Release|Any CPU
		{677F15F2-BF33-4E2E-94E3-A16BD05F0994}.Release|Any CPU.Build.0 = Release|Any CPU
		{91FBBE52-CB91-4295-BE3C-513B89B76E1C}.Debug|Any CPU.ActiveCfg = Debug|Any CPU
		{91FBBE52-CB91-4295-BE3C-513B89B76E1C}.Debug|Any CPU.Build.0 = Debug|Any CPU
		{91FBBE52-CB91-4295-BE3C-513B89B76E1C}.Release|Any CPU.ActiveCfg = Release|Any CPU
		{91FBBE52-CB91-4295-BE3C-513B89B76E1C}.Release|Any CPU.Build.0 = Release|Any CPU
		{F7350753-68DC-4531-9DA7-FC205AE85A5F}.Debug|Any CPU.ActiveCfg = Debug|Any CPU
		{F7350753-68DC-4531-9DA7-FC205AE85A5F}.Debug|Any CPU.Build.0 = Debug|Any CPU
		{F7350753-68DC-4531-9DA7-FC205AE85A5F}.Release|Any CPU.ActiveCfg = Release|Any CPU
		{F7350753-68DC-4531-9DA7-FC205AE85A5F}.Release|Any CPU.Build.0 = Release|Any CPU
		{9A3550CC-0BA8-4EC9-9804-9085BBDCC6D6}.Debug|Any CPU.ActiveCfg = Debug|Any CPU
		{9A3550CC-0BA8-4EC9-9804-9085BBDCC6D6}.Debug|Any CPU.Build.0 = Debug|Any CPU
		{9A3550CC-0BA8-4EC9-9804-9085BBDCC6D6}.Release|Any CPU.ActiveCfg = Release|Any CPU
		{9A3550CC-0BA8-4EC9-9804-9085BBDCC6D6}.Release|Any CPU.Build.0 = Release|Any CPU
		{B4338139-8BD6-4E0D-A6CF-6A8A62A4DA54}.Debug|Any CPU.ActiveCfg = Debug|Any CPU
		{B4338139-8BD6-4E0D-A6CF-6A8A62A4DA54}.Debug|Any CPU.Build.0 = Debug|Any CPU
		{B4338139-8BD6-4E0D-A6CF-6A8A62A4DA54}.Release|Any CPU.ActiveCfg = Release|Any CPU
		{B4338139-8BD6-4E0D-A6CF-6A8A62A4DA54}.Release|Any CPU.Build.0 = Release|Any CPU
		{B4E648DA-3A0C-4D6C-9BBF-7C51B0C4E1B3}.Debug|Any CPU.ActiveCfg = Debug|Any CPU
		{B4E648DA-3A0C-4D6C-9BBF-7C51B0C4E1B3}.Debug|Any CPU.Build.0 = Debug|Any CPU
		{B4E648DA-3A0C-4D6C-9BBF-7C51B0C4E1B3}.Release|Any CPU.ActiveCfg = Release|Any CPU
		{B4E648DA-3A0C-4D6C-9BBF-7C51B0C4E1B3}.Release|Any CPU.Build.0 = Release|Any CPU
		{916B5723-58E2-4B9B-9D80-19A5FC9888EB}.Debug|Any CPU.ActiveCfg = Debug|Any CPU
		{916B5723-58E2-4B9B-9D80-19A5FC9888EB}.Debug|Any CPU.Build.0 = Debug|Any CPU
		{916B5723-58E2-4B9B-9D80-19A5FC9888EB}.Release|Any CPU.ActiveCfg = Release|Any CPU
		{916B5723-58E2-4B9B-9D80-19A5FC9888EB}.Release|Any CPU.Build.0 = Release|Any CPU
		{5FE3018B-6350-4D36-ADDE-C4DD82E77F33}.Debug|Any CPU.ActiveCfg = Debug|Any CPU
		{5FE3018B-6350-4D36-ADDE-C4DD82E77F33}.Debug|Any CPU.Build.0 = Debug|Any CPU
		{5FE3018B-6350-4D36-ADDE-C4DD82E77F33}.Release|Any CPU.ActiveCfg = Release|Any CPU
		{5FE3018B-6350-4D36-ADDE-C4DD82E77F33}.Release|Any CPU.Build.0 = Release|Any CPU
		{AA1E7106-7FD7-4659-B438-835604FBB4C0}.Debug|Any CPU.ActiveCfg = Debug|Any CPU
		{AA1E7106-7FD7-4659-B438-835604FBB4C0}.Debug|Any CPU.Build.0 = Debug|Any CPU
		{AA1E7106-7FD7-4659-B438-835604FBB4C0}.Release|Any CPU.ActiveCfg = Release|Any CPU
		{AA1E7106-7FD7-4659-B438-835604FBB4C0}.Release|Any CPU.Build.0 = Release|Any CPU
		{B87D5A45-3426-4471-A36B-816D773B2478}.Debug|Any CPU.ActiveCfg = Debug|Any CPU
		{B87D5A45-3426-4471-A36B-816D773B2478}.Debug|Any CPU.Build.0 = Debug|Any CPU
		{B87D5A45-3426-4471-A36B-816D773B2478}.Release|Any CPU.ActiveCfg = Release|Any CPU
		{B87D5A45-3426-4471-A36B-816D773B2478}.Release|Any CPU.Build.0 = Release|Any CPU
	EndGlobalSection
EndGlobal
